{
  "pins" : [
    {
      "identity" : "collectionconcurrencykit",
      "kind" : "remoteSourceControl",
      "location" : "https://github.com/jeremyabannister/CollectionConcurrencyKit",
      "state" : {
        "revision" : "02850715b75e6cf27b0994687c7988d4ccd9b899",
        "version" : "0.2.3"
      }
    },
    {
      "identity" : "emptycodablemodule",
      "kind" : "remoteSourceControl",
      "location" : "https://github.com/jeremyabannister/EmptyCodableModule",
      "state" : {
        "revision" : "f796c11ca7ca1beb0d913cdd8879049969366c97",
        "version" : "0.1.1"
      }
    },
    {
      "identity" : "errormessage",
      "kind" : "remoteSourceControl",
      "location" : "https://github.com/jeremyabannister/ErrorMessage",
      "state" : {
        "revision" : "a0b253ecbfcc8035e88e26f3b4f841ec0fe9a03d",
        "version" : "0.1.2"
      }
    },
    {
      "identity" : "expressionergonomics",
      "kind" : "remoteSourceControl",
      "location" : "https://github.com/jeremyabannister/ExpressionErgonomics",
      "state" : {
        "revision" : "d551b16edeb6d64a96b797b1c9f698a36e0d98ba",
        "version" : "0.2.9"
      }
    },
    {
      "identity" : "foundationtoolkit",
      "kind" : "remoteSourceControl",
      "location" : "https://github.com/jeremyabannister/FoundationToolkit",
      "state" : {
        "revision" : "43d29466663fb752494ee2766f0ca394136c43f7",
        "version" : "0.3.8"
      }
    },
    {
      "identity" : "notdone",
      "kind" : "remoteSourceControl",
      "location" : "https://github.com/jeremyabannister/NOTDONE",
      "state" : {
        "revision" : "b69d8d7e471423ba18cf3edafbbec89573f69f16",
        "version" : "0.1.0"
      }
    },
    {
      "identity" : "propervaluetype",
      "kind" : "remoteSourceControl",
      "location" : "https://github.com/jeremyabannister/ProperValueType",
      "state" : {
        "revision" : "d6c91820e1e10a749e8bbed207a3f1cf5a2e75ab",
        "version" : "0.1.1"
      }
    },
    {
      "identity" : "randomlygeneratablemodule",
      "kind" : "remoteSourceControl",
      "location" : "https://github.com/jeremyabannister/RandomlyGeneratableModule",
      "state" : {
        "revision" : "89e6dea09d0df5c464a44f00b96b6fccd0f5452d",
        "version" : "0.1.0"
      }
    },
    {
      "identity" : "referencetype",
      "kind" : "remoteSourceControl",
      "location" : "https://github.com/jeremyabannister/ReferenceType",
      "state" : {
        "revision" : "df906ebeb31f2de16e3cf6b0bc38dc903fee8361",
        "version" : "0.1.1"
      }
    },
    {
      "identity" : "testable",
      "kind" : "remoteSourceControl",
      "location" : "https://github.com/jeremyabannister/Testable",
      "state" : {
        "revision" : "bbdd7f659b7e0de0b39f6990859ef6c8d68aacf0",
        "version" : "0.1.3"
      }
    },
    {
      "identity" : "verboseequatable",
      "kind" : "remoteSourceControl",
      "location" : "https://github.com/jeremyabannister/VerboseEquatable",
      "state" : {
        "revision" : "1cc7ee4342ab5b5f6c1a2e6581fee21d2fb5ea42",
        "version" : "0.1.4"
      }
    },
    {
      "identity" : "xctesttoolkit",
      "kind" : "remoteSourceControl",
      "location" : "https://github.com/jeremyabannister/XCTestToolkit",
      "state" : {
        "revision" : "b564a62731a30b434d110b8d43775707a15dd227",
        "version" : "0.1.3"
      }
    }
  ],
  "version" : 2
}
