{
  "pins" : [
    {
      "identity" : "assertiontoolkit",
      "kind" : "remoteSourceControl",
      "location" : "https://github.com/jeremyabannister/AssertionToolkit",
      "state" : {
        "revision" : "5e81b8b5bdcc1f35a0dacb267bc34f1ad8865a50",
        "version" : "0.1.3"
      }
    },
    {
      "identity" : "collection-sorted-by-keypath",
      "kind" : "remoteSourceControl",
      "location" : "https://github.com/jeremyabannister/Collection-sorted-by-KeyPath",
      "state" : {
        "revision" : "db64804d5698ddc7428232b1f2b9b02de16aca01",
        "version" : "0.1.2"
      }
    },
    {
      "identity" : "collectionconcurrencykit",
      "kind" : "remoteSourceControl",
      "location" : "https://github.com/jeremyabannister/CollectionConcurrencyKit",
      "state" : {
        "revision" : "c45982a346af1a223ca610640459650318f07ccc",
        "version" : "0.2.5"
      }
    },
    {
      "identity" : "data-humanreadabledescription",
      "kind" : "remoteSourceControl",
      "location" : "https://github.com/jeremyabannister/Data-humanReadableDescription",
      "state" : {
        "revision" : "e418d905afedaaf53c2d486ef6f24ad5a4afd348",
        "version" : "0.1.2"
      }
    },
    {
      "identity" : "data-utf8string",
      "kind" : "remoteSourceControl",
      "location" : "https://github.com/jeremyabannister/Data-utf8String",
      "state" : {
        "revision" : "5ca85ff523e885287092339bfea615f331e0dc13",
        "version" : "0.1.2"
      }
    },
    {
      "identity" : "distincttype-package",
      "kind" : "remoteSourceControl",
      "location" : "https://github.com/jeremyabannister/DistinctType-package",
      "state" : {
        "revision" : "d00890046a94c1f47e8360ef9c8e0a963a3f3ca8",
        "version" : "0.1.2"
      }
    },
    {
      "identity" : "dummy-package",
      "kind" : "remoteSourceControl",
      "location" : "https://github.com/jeremyabannister/Dummy-package",
      "state" : {
        "revision" : "c7699aa32fc57aa89359e60534446f609e222b92",
        "version" : "0.1.1"
      }
    },
    {
      "identity" : "emptycodable-package",
      "kind" : "remoteSourceControl",
      "location" : "https://github.com/jeremyabannister/EmptyCodable-package",
      "state" : {
        "revision" : "696999d15e6dc79af83bd731a5767046a3cebac1",
        "version" : "0.1.1"
      }
    },
    {
      "identity" : "errormessage-package",
      "kind" : "remoteSourceControl",
      "location" : "https://github.com/jeremyabannister/ErrorMessage-package",
      "state" : {
        "revision" : "8d8529f87a220c8958e2c28ec791fa0b1a1cd526",
        "version" : "0.1.2"
      }
    },
    {
      "identity" : "expressionergonomics",
      "kind" : "remoteSourceControl",
      "location" : "https://github.com/jeremyabannister/ExpressionErgonomics",
      "state" : {
        "revision" : "971aef1f396ec1efbc168c03566c69793b517d9c",
        "version" : "0.4.6"
      }
    },
    {
      "identity" : "foundationtoolkit",
      "kind" : "remoteSourceControl",
      "location" : "https://github.com/jeremyabannister/FoundationToolkit",
      "state" : {
        "revision" : "856377c833223162d4868a67fd176ac38f5187ce",
        "version" : "0.8.5"
      }
    },
    {
      "identity" : "hascustomuuidtype-package",
      "kind" : "remoteSourceControl",
      "location" : "https://github.com/jeremyabannister/HasCustomUUIDType-package",
      "state" : {
        "revision" : "9bc2904bb7e09aa08119d64e253ed6fc6417e91c",
        "version" : "0.1.2"
      }
    },
    {
      "identity" : "jsontoolkit",
      "kind" : "remoteSourceControl",
      "location" : "https://github.com/jeremyabannister/JSONToolkit",
      "state" : {
        "revision" : "f3163c8f5f609e776afdd4e9c2e98700182a3caf",
        "version" : "0.2.1"
      }
    },
    {
      "identity" : "randomlygeneratable-package",
      "kind" : "remoteSourceControl",
      "location" : "https://github.com/jeremyabannister/RandomlyGeneratable-package",
      "state" : {
        "revision" : "b57bbaee772f7f6b2c1ac4797bc298a2831980fc",
        "version" : "0.1.1"
      }
    },
    {
      "identity" : "referencetype-package",
      "kind" : "remoteSourceControl",
      "location" : "https://github.com/jeremyabannister/ReferenceType-package",
      "state" : {
        "revision" : "909efc9b81760f78766ad8efc411ab69fa4101f2",
        "version" : "0.1.2"
      }
    },
    {
      "identity" : "sequence-asarray",
      "kind" : "remoteSourceControl",
      "location" : "https://github.com/jeremyabannister/Sequence-asArray",
      "state" : {
        "revision" : "5d4c2dd7bd438fa445ab94b2f74a1b7c0a802906",
        "version" : "0.1.2"
      }
    },
    {
      "identity" : "string-utf8data",
      "kind" : "remoteSourceControl",
      "location" : "https://github.com/jeremyabannister/String-utf8Data",
      "state" : {
        "revision" : "ca411301e55e882c825e7b9704752e9349854bd0",
        "version" : "0.1.2"
      }
    },
    {
      "identity" : "subscript-collection-safely",
      "kind" : "remoteSourceControl",
      "location" : "https://github.com/jeremyabannister/subscript-collection-safely",
      "state" : {
        "revision" : "2e36e873c70a8c0ad0623abdbe4bbb5819fb1066",
        "version" : "0.1.4"
      }
    },
    {
      "identity" : "valuetype-package",
      "kind" : "remoteSourceControl",
      "location" : "https://github.com/jeremyabannister/ValueType-package",
      "state" : {
        "revision" : "04e58fb1af3fe48f11e038b35b9cc718e57ce306",
        "version" : "0.1.6"
      }
    },
    {
      "identity" : "verboseequatable-package",
      "kind" : "remoteSourceControl",
      "location" : "https://github.com/jeremyabannister/VerboseEquatable-package",
      "state" : {
        "revision" : "21362313082888cca6ef8315157b6141c817cc61",
        "version" : "0.1.1"
      }
    },
    {
      "identity" : "xctesttoolkit",
      "kind" : "remoteSourceControl",
      "location" : "https://github.com/jeremyabannister/XCTestToolkit",
      "state" : {
        "revision" : "9acc3db205b6c444ac5cc9591cf3bc277cd13524",
        "version" : "0.2.6"
      }
    }
  ],
  "version" : 2
}
